
Microsoft Visual Studio Solution File, Format Version 12.00
# Visual Studio Version 16
VisualStudioVersion = 16.0.31112.23
MinimumVisualStudioVersion = 10.0.40219.1
Project("{FAE04EC0-301F-11D3-BF4B-00C04F79EFBC}") = "Scoala Informala EDU", "Scoala Informala EDU\Scoala Informala EDU.csproj", "{8607E8EC-19CC-43C4-A5E4-5729944CD9D8}"
EndProject
Global
	GlobalSection(SolutionConfigurationPlatforms) = preSolution
		Debug|Any CPU = Debug|Any CPU
		Release|Any CPU = Release|Any CPU
	EndGlobalSection
	GlobalSection(ProjectConfigurationPlatforms) = postSolution
		{8607E8EC-19CC-43C4-A5E4-5729944CD9D8}.Debug|Any CPU.ActiveCfg = Debug|Any CPU
		{8607E8EC-19CC-43C4-A5E4-5729944CD9D8}.Debug|Any CPU.Build.0 = Debug|Any CPU
		{8607E8EC-19CC-43C4-A5E4-5729944CD9D8}.Release|Any CPU.ActiveCfg = Release|Any CPU
		{8607E8EC-19CC-43C4-A5E4-5729944CD9D8}.Release|Any CPU.Build.0 = Release|Any CPU
	EndGlobalSection
	GlobalSection(SolutionProperties) = preSolution
		HideSolutionNode = FALSE
	EndGlobalSection
	GlobalSection(ExtensibilityGlobals) = postSolution
		SolutionGuid = {16579C4C-610F-4964-972A-15CB51FEBD18}
	EndGlobalSection
EndGlobal
